
Microsoft Visual Studio Solution File, Format Version 12.00
# Visual Studio Version 17
VisualStudioVersion = 17.10.35027.167
MinimumVisualStudioVersion = 10.0.40219.1
Project("{FAE04EC0-301F-11D3-BF4B-00C04F79EFBC}") = "Inventory-Management-Backend", "Inventory-Management-Backend.csproj", "{FB00DE65-28EC-4C32-AE41-ED61FC777942}"
EndProject
Global
	GlobalSection(SolutionConfigurationPlatforms) = preSolution
		Debug|Any CPU = Debug|Any CPU
		Release|Any CPU = Release|Any CPU
	EndGlobalSection
	GlobalSection(ProjectConfigurationPlatforms) = postSolution
		{FB00DE65-28EC-4C32-AE41-ED61FC777942}.Debug|Any CPU.ActiveCfg = Debug|Any CPU
		{FB00DE65-28EC-4C32-AE41-ED61FC777942}.Debug|Any CPU.Build.0 = Debug|Any CPU
		{FB00DE65-28EC-4C32-AE41-ED61FC777942}.Release|Any CPU.ActiveCfg = Release|Any CPU
		{FB00DE65-28EC-4C32-AE41-ED61FC777942}.Release|Any CPU.Build.0 = Release|Any CPU
	EndGlobalSection
	GlobalSection(SolutionProperties) = preSolution
		HideSolutionNode = FALSE
	EndGlobalSection
	GlobalSection(ExtensibilityGlobals) = postSolution
		SolutionGuid = {45ACA880-FD73-4DDB-AF4D-EEE43C83EBA0}
	EndGlobalSection
EndGlobal
